
Microsoft Visual Studio Solution File, Format Version 12.00
# Visual Studio Version 16
VisualStudioVersion = 16.0.30907.101
MinimumVisualStudioVersion = 10.0.40219.1
Project("{FAE04EC0-301F-11D3-BF4B-00C04F79EFBC}") = "Emotez", "Emotez\Emotez.csproj", "{904894A7-5968-41C1-80B4-4198B960EC0B}"
EndProject
Global
	GlobalSection(SolutionConfigurationPlatforms) = preSolution
		Debug|Any CPU = Debug|Any CPU
		Release|Any CPU = Release|Any CPU
	EndGlobalSection
	GlobalSection(ProjectConfigurationPlatforms) = postSolution
		{904894A7-5968-41C1-80B4-4198B960EC0B}.Debug|Any CPU.ActiveCfg = Debug|Any CPU
		{904894A7-5968-41C1-80B4-4198B960EC0B}.Debug|Any CPU.Build.0 = Debug|Any CPU
		{904894A7-5968-41C1-80B4-4198B960EC0B}.Release|Any CPU.ActiveCfg = Release|Any CPU
		{904894A7-5968-41C1-80B4-4198B960EC0B}.Release|Any CPU.Build.0 = Release|Any CPU
	EndGlobalSection
	GlobalSection(SolutionProperties) = preSolution
		HideSolutionNode = FALSE
	EndGlobalSection
	GlobalSection(ExtensibilityGlobals) = postSolution
		SolutionGuid = {DA32408B-CB81-4C27-903E-FB6E2A925F64}
	EndGlobalSection
EndGlobal
